
Microsoft Visual Studio Solution File, Format Version 12.00
# Visual Studio 2013
VisualStudioVersion = 12.0.31101.0
MinimumVisualStudioVersion = 10.0.40219.1
Project("{2150E333-8FDC-42A3-9474-1A3956D46DE8}") = "Data", "Data", "{D3F49169-B5EF-43DD-BF4B-46AD06E40B9D}"
EndProject
Project("{2150E333-8FDC-42A3-9474-1A3956D46DE8}") = "Server", "Server", "{E920264B-5513-4374-90B8-56924F1BE390}"
EndProject
Project("{2150E333-8FDC-42A3-9474-1A3956D46DE8}") = "Client", "Client", "{CEAF0445-71B9-4786-8062-B231DA32B396}"
EndProject
Project("{E24C65DC-7377-472B-9ABA-BC803B73C61A}") = "Showcase.Client.App", "http://localhost:12786", "{295EF4D0-2B81-412A-9848-4269B0C73947}"
	ProjectSection(WebsiteProperties) = preProject
		UseIISExpress = "true"
		TargetFrameworkMoniker = ".NETFramework,Version%3Dv4.5"
		Debug.AspNetCompiler.VirtualPath = "/localhost_12786"
		Debug.AspNetCompiler.PhysicalPath = "Client\Showcase.Client.App\"
		Debug.AspNetCompiler.TargetPath = "PrecompiledWeb\localhost_12786\"
		Debug.AspNetCompiler.Updateable = "true"
		Debug.AspNetCompiler.ForceOverwrite = "true"
		Debug.AspNetCompiler.FixedNames = "false"
		Debug.AspNetCompiler.Debug = "True"
		Release.AspNetCompiler.VirtualPath = "/localhost_12786"
		Release.AspNetCompiler.PhysicalPath = "Client\Showcase.Client.App\"
		Release.AspNetCompiler.TargetPath = "PrecompiledWeb\localhost_12786\"
		Release.AspNetCompiler.Updateable = "true"
		Release.AspNetCompiler.ForceOverwrite = "true"
		Release.AspNetCompiler.FixedNames = "false"
		Release.AspNetCompiler.Debug = "False"
		SlnRelativePath = "Client\Showcase.Client.App\"
		DefaultWebSiteLanguage = "Visual C#"
	EndProjectSection
EndProject
Project("{2150E333-8FDC-42A3-9474-1A3956D46DE8}") = "Tests", "Tests", "{006D8078-843A-455D-9801-96709A838D2D}"
EndProject
Project("{FAE04EC0-301F-11D3-BF4B-00C04F79EFBC}") = "Showcase.Server.Api", "Server\Showcase.Server.Api\Showcase.Server.Api.csproj", "{AE3F60FE-F877-43C3-BE01-CC70F0EDD8D5}"
EndProject
Project("{FAE04EC0-301F-11D3-BF4B-00C04F79EFBC}") = "Showcase.Server.ViewModels", "Server\Showcase.Server.ViewModels\Showcase.Server.ViewModels.csproj", "{1BDC2D81-58B5-4107-B795-715B5C1BDB19}"
EndProject
Project("{FAE04EC0-301F-11D3-BF4B-00C04F79EFBC}") = "Showcase.Data.Models", "Showcase.Data.Models\Showcase.Data.Models.csproj", "{163B402E-B743-422B-8476-0D73089E7C94}"
EndProject
Project("{FAE04EC0-301F-11D3-BF4B-00C04F79EFBC}") = "Showcase.Data.Common", "Showcase.Data.Common\Showcase.Data.Common.csproj", "{43D17737-5DA2-412B-9FF1-34BCBA58587B}"
EndProject
Project("{FAE04EC0-301F-11D3-BF4B-00C04F79EFBC}") = "Showcase.Data", "Showcase.Data\Showcase.Data.csproj", "{080529DD-48D5-4DA7-BD07-38521AF97288}"
EndProject
Project("{FAE04EC0-301F-11D3-BF4B-00C04F79EFBC}") = "Showcase.Server.Common", "Showcase.Server.Common\Showcase.Server.Common.csproj", "{A76B5891-7EDB-4B8F-89B6-03A8924393A1}"
EndProject
Project("{2150E333-8FDC-42A3-9474-1A3956D46DE8}") = ".nuget", ".nuget", "{A6297064-9255-4521-BDC0-B0DA9896CC02}"
	ProjectSection(SolutionItems) = preProject
		.nuget\NuGet.Config = .nuget\NuGet.Config
		.nuget\NuGet.exe = .nuget\NuGet.exe
		.nuget\NuGet.targets = .nuget\NuGet.targets
	EndProjectSection
EndProject
Global
	GlobalSection(SolutionConfigurationPlatforms) = preSolution
		Debug|Any CPU = Debug|Any CPU
		Release|Any CPU = Release|Any CPU
	EndGlobalSection
	GlobalSection(ProjectConfigurationPlatforms) = postSolution
		{295EF4D0-2B81-412A-9848-4269B0C73947}.Debug|Any CPU.ActiveCfg = Debug|Any CPU
		{295EF4D0-2B81-412A-9848-4269B0C73947}.Debug|Any CPU.Build.0 = Debug|Any CPU
		{295EF4D0-2B81-412A-9848-4269B0C73947}.Release|Any CPU.ActiveCfg = Debug|Any CPU
		{295EF4D0-2B81-412A-9848-4269B0C73947}.Release|Any CPU.Build.0 = Debug|Any CPU
		{AE3F60FE-F877-43C3-BE01-CC70F0EDD8D5}.Debug|Any CPU.ActiveCfg = Debug|Any CPU
		{AE3F60FE-F877-43C3-BE01-CC70F0EDD8D5}.Debug|Any CPU.Build.0 = Debug|Any CPU
		{AE3F60FE-F877-43C3-BE01-CC70F0EDD8D5}.Release|Any CPU.ActiveCfg = Release|Any CPU
		{AE3F60FE-F877-43C3-BE01-CC70F0EDD8D5}.Release|Any CPU.Build.0 = Release|Any CPU
		{1BDC2D81-58B5-4107-B795-715B5C1BDB19}.Debug|Any CPU.ActiveCfg = Debug|Any CPU
		{1BDC2D81-58B5-4107-B795-715B5C1BDB19}.Debug|Any CPU.Build.0 = Debug|Any CPU
		{1BDC2D81-58B5-4107-B795-715B5C1BDB19}.Release|Any CPU.ActiveCfg = Release|Any CPU
		{1BDC2D81-58B5-4107-B795-715B5C1BDB19}.Release|Any CPU.Build.0 = Release|Any CPU
		{163B402E-B743-422B-8476-0D73089E7C94}.Debug|Any CPU.ActiveCfg = Debug|Any CPU
		{163B402E-B743-422B-8476-0D73089E7C94}.Debug|Any CPU.Build.0 = Debug|Any CPU
		{163B402E-B743-422B-8476-0D73089E7C94}.Release|Any CPU.ActiveCfg = Release|Any CPU
		{163B402E-B743-422B-8476-0D73089E7C94}.Release|Any CPU.Build.0 = Release|Any CPU
		{43D17737-5DA2-412B-9FF1-34BCBA58587B}.Debug|Any CPU.ActiveCfg = Debug|Any CPU
		{43D17737-5DA2-412B-9FF1-34BCBA58587B}.Debug|Any CPU.Build.0 = Debug|Any CPU
		{43D17737-5DA2-412B-9FF1-34BCBA58587B}.Release|Any CPU.ActiveCfg = Release|Any CPU
		{43D17737-5DA2-412B-9FF1-34BCBA58587B}.Release|Any CPU.Build.0 = Release|Any CPU
		{080529DD-48D5-4DA7-BD07-38521AF97288}.Debug|Any CPU.ActiveCfg = Debug|Any CPU
		{080529DD-48D5-4DA7-BD07-38521AF97288}.Debug|Any CPU.Build.0 = Debug|Any CPU
		{080529DD-48D5-4DA7-BD07-38521AF97288}.Release|Any CPU.ActiveCfg = Release|Any CPU
		{080529DD-48D5-4DA7-BD07-38521AF97288}.Release|Any CPU.Build.0 = Release|Any CPU
		{A76B5891-7EDB-4B8F-89B6-03A8924393A1}.Debug|Any CPU.ActiveCfg = Debug|Any CPU
		{A76B5891-7EDB-4B8F-89B6-03A8924393A1}.Debug|Any CPU.Build.0 = Debug|Any CPU
		{A76B5891-7EDB-4B8F-89B6-03A8924393A1}.Release|Any CPU.ActiveCfg = Release|Any CPU
		{A76B5891-7EDB-4B8F-89B6-03A8924393A1}.Release|Any CPU.Build.0 = Release|Any CPU
	EndGlobalSection
	GlobalSection(SolutionProperties) = preSolution
		HideSolutionNode = FALSE
	EndGlobalSection
	GlobalSection(NestedProjects) = preSolution
		{295EF4D0-2B81-412A-9848-4269B0C73947} = {CEAF0445-71B9-4786-8062-B231DA32B396}
		{AE3F60FE-F877-43C3-BE01-CC70F0EDD8D5} = {E920264B-5513-4374-90B8-56924F1BE390}
		{1BDC2D81-58B5-4107-B795-715B5C1BDB19} = {E920264B-5513-4374-90B8-56924F1BE390}
		{163B402E-B743-422B-8476-0D73089E7C94} = {D3F49169-B5EF-43DD-BF4B-46AD06E40B9D}
		{43D17737-5DA2-412B-9FF1-34BCBA58587B} = {D3F49169-B5EF-43DD-BF4B-46AD06E40B9D}
		{080529DD-48D5-4DA7-BD07-38521AF97288} = {D3F49169-B5EF-43DD-BF4B-46AD06E40B9D}
		{A76B5891-7EDB-4B8F-89B6-03A8924393A1} = {E920264B-5513-4374-90B8-56924F1BE390}
	EndGlobalSection
EndGlobal
