
Microsoft Visual Studio Solution File, Format Version 12.00
# Visual Studio 2013
VisualStudioVersion = 12.0.31101.0
MinimumVisualStudioVersion = 10.0.40219.1
Project("{2150E333-8FDC-42A3-9474-1A3956D46DE8}") = "Data", "Data", "{D3F49169-B5EF-43DD-BF4B-46AD06E40B9D}"
EndProject
Project("{2150E333-8FDC-42A3-9474-1A3956D46DE8}") = "Server", "Server", "{E920264B-5513-4374-90B8-56924F1BE390}"
EndProject
Project("{2150E333-8FDC-42A3-9474-1A3956D46DE8}") = "Client", "Client", "{CEAF0445-71B9-4786-8062-B231DA32B396}"
EndProject
Project("{2150E333-8FDC-42A3-9474-1A3956D46DE8}") = "Tests", "Tests", "{006D8078-843A-455D-9801-96709A838D2D}"
EndProject
Project("{FAE04EC0-301F-11D3-BF4B-00C04F79EFBC}") = "Showcase.Server.Api", "Server\Showcase.Server.Api\Showcase.Server.Api.csproj", "{AE3F60FE-F877-43C3-BE01-CC70F0EDD8D5}"
EndProject
Project("{2150E333-8FDC-42A3-9474-1A3956D46DE8}") = "Services", "Services", "{DA44EAA7-39CB-401D-A32F-11C7C27F9FDF}"
EndProject
Project("{FAE04EC0-301F-11D3-BF4B-00C04F79EFBC}") = "Showcase.Data", "Data\Showcase.Data\Showcase.Data.csproj", "{080529DD-48D5-4DA7-BD07-38521AF97288}"
EndProject
Project("{FAE04EC0-301F-11D3-BF4B-00C04F79EFBC}") = "Showcase.Data.Common", "Data\Showcase.Data.Common\Showcase.Data.Common.csproj", "{43D17737-5DA2-412B-9FF1-34BCBA58587B}"
EndProject
Project("{FAE04EC0-301F-11D3-BF4B-00C04F79EFBC}") = "Showcase.Data.Models", "Data\Showcase.Data.Models\Showcase.Data.Models.csproj", "{163B402E-B743-422B-8476-0D73089E7C94}"
EndProject
Project("{FAE04EC0-301F-11D3-BF4B-00C04F79EFBC}") = "Showcase.Server.DataTransferModels", "Server\Showcase.Server.DataTransferModels\Showcase.Server.DataTransferModels.csproj", "{1BDC2D81-58B5-4107-B795-715B5C1BDB19}"
EndProject
Project("{FAE04EC0-301F-11D3-BF4B-00C04F79EFBC}") = "Showcase.Services.Common", "Services\Showcase.Services.Common\Showcase.Services.Common.csproj", "{DC34D65F-FCDF-4566-94A2-454526364046}"
EndProject
Project("{FAE04EC0-301F-11D3-BF4B-00C04F79EFBC}") = "Showcase.Services.Data", "Services\Showcase.Services.Data\Showcase.Services.Data.csproj", "{6E7FA01F-8644-48A9-AAB3-0E1A049CCD9A}"
EndProject
Project("{FAE04EC0-301F-11D3-BF4B-00C04F79EFBC}") = "Showcase.Services.Logic", "Services\Showcase.Services.Logic\Showcase.Services.Logic.csproj", "{7C14F43E-1596-4944-A03E-9884CAE0FBD6}"
EndProject
Project("{FAE04EC0-301F-11D3-BF4B-00C04F79EFBC}") = "Showcase.Client.App", "Client\Showcase.Client.App\Showcase.Client.App.csproj", "{E8277023-2F04-4B68-9FA5-1810348B74AB}"
EndProject
Project("{FAE04EC0-301F-11D3-BF4B-00C04F79EFBC}") = "Showcase.Server.Common", "Server\Showcase.Server.Common\Showcase.Server.Common.csproj", "{A76B5891-7EDB-4B8F-89B6-03A8924393A1}"
EndProject
Project("{FAE04EC0-301F-11D3-BF4B-00C04F79EFBC}") = "Showcase.Server.Infrastructure", "Server\Showcase.Server.Infrastructure\Showcase.Server.Infrastructure.csproj", "{AB7F3756-7D7C-4A50-B90D-76C676C1A9D0}"
EndProject
Project("{FAE04EC0-301F-11D3-BF4B-00C04F79EFBC}") = "ShowcaseSystem.Services.Data.Tests", "Tests\ShowcaseSystem.Services.Data.Tests\ShowcaseSystem.Services.Data.Tests.csproj", "{17038175-2CAF-4D2E-8352-04DB4EF6128D}"
EndProject
Global
	GlobalSection(SolutionConfigurationPlatforms) = preSolution
		Debug|Any CPU = Debug|Any CPU
		Release|Any CPU = Release|Any CPU
	EndGlobalSection
	GlobalSection(ProjectConfigurationPlatforms) = postSolution
		{AE3F60FE-F877-43C3-BE01-CC70F0EDD8D5}.Debug|Any CPU.ActiveCfg = Debug|Any CPU
		{AE3F60FE-F877-43C3-BE01-CC70F0EDD8D5}.Debug|Any CPU.Build.0 = Debug|Any CPU
		{AE3F60FE-F877-43C3-BE01-CC70F0EDD8D5}.Release|Any CPU.ActiveCfg = Release|Any CPU
		{AE3F60FE-F877-43C3-BE01-CC70F0EDD8D5}.Release|Any CPU.Build.0 = Release|Any CPU
		{080529DD-48D5-4DA7-BD07-38521AF97288}.Debug|Any CPU.ActiveCfg = Debug|Any CPU
		{080529DD-48D5-4DA7-BD07-38521AF97288}.Debug|Any CPU.Build.0 = Debug|Any CPU
		{080529DD-48D5-4DA7-BD07-38521AF97288}.Release|Any CPU.ActiveCfg = Release|Any CPU
		{080529DD-48D5-4DA7-BD07-38521AF97288}.Release|Any CPU.Build.0 = Release|Any CPU
		{43D17737-5DA2-412B-9FF1-34BCBA58587B}.Debug|Any CPU.ActiveCfg = Debug|Any CPU
		{43D17737-5DA2-412B-9FF1-34BCBA58587B}.Debug|Any CPU.Build.0 = Debug|Any CPU
		{43D17737-5DA2-412B-9FF1-34BCBA58587B}.Release|Any CPU.ActiveCfg = Release|Any CPU
		{43D17737-5DA2-412B-9FF1-34BCBA58587B}.Release|Any CPU.Build.0 = Release|Any CPU
		{163B402E-B743-422B-8476-0D73089E7C94}.Debug|Any CPU.ActiveCfg = Debug|Any CPU
		{163B402E-B743-422B-8476-0D73089E7C94}.Debug|Any CPU.Build.0 = Debug|Any CPU
		{163B402E-B743-422B-8476-0D73089E7C94}.Release|Any CPU.ActiveCfg = Release|Any CPU
		{163B402E-B743-422B-8476-0D73089E7C94}.Release|Any CPU.Build.0 = Release|Any CPU
		{1BDC2D81-58B5-4107-B795-715B5C1BDB19}.Debug|Any CPU.ActiveCfg = Debug|Any CPU
		{1BDC2D81-58B5-4107-B795-715B5C1BDB19}.Debug|Any CPU.Build.0 = Debug|Any CPU
		{1BDC2D81-58B5-4107-B795-715B5C1BDB19}.Release|Any CPU.ActiveCfg = Release|Any CPU
		{1BDC2D81-58B5-4107-B795-715B5C1BDB19}.Release|Any CPU.Build.0 = Release|Any CPU
		{DC34D65F-FCDF-4566-94A2-454526364046}.Debug|Any CPU.ActiveCfg = Debug|Any CPU
		{DC34D65F-FCDF-4566-94A2-454526364046}.Debug|Any CPU.Build.0 = Debug|Any CPU
		{DC34D65F-FCDF-4566-94A2-454526364046}.Release|Any CPU.ActiveCfg = Release|Any CPU
		{DC34D65F-FCDF-4566-94A2-454526364046}.Release|Any CPU.Build.0 = Release|Any CPU
		{6E7FA01F-8644-48A9-AAB3-0E1A049CCD9A}.Debug|Any CPU.ActiveCfg = Debug|Any CPU
		{6E7FA01F-8644-48A9-AAB3-0E1A049CCD9A}.Debug|Any CPU.Build.0 = Debug|Any CPU
		{6E7FA01F-8644-48A9-AAB3-0E1A049CCD9A}.Release|Any CPU.ActiveCfg = Release|Any CPU
		{6E7FA01F-8644-48A9-AAB3-0E1A049CCD9A}.Release|Any CPU.Build.0 = Release|Any CPU
		{7C14F43E-1596-4944-A03E-9884CAE0FBD6}.Debug|Any CPU.ActiveCfg = Debug|Any CPU
		{7C14F43E-1596-4944-A03E-9884CAE0FBD6}.Debug|Any CPU.Build.0 = Debug|Any CPU
		{7C14F43E-1596-4944-A03E-9884CAE0FBD6}.Release|Any CPU.ActiveCfg = Release|Any CPU
		{7C14F43E-1596-4944-A03E-9884CAE0FBD6}.Release|Any CPU.Build.0 = Release|Any CPU
		{E8277023-2F04-4B68-9FA5-1810348B74AB}.Debug|Any CPU.ActiveCfg = Debug|Any CPU
		{E8277023-2F04-4B68-9FA5-1810348B74AB}.Debug|Any CPU.Build.0 = Debug|Any CPU
		{E8277023-2F04-4B68-9FA5-1810348B74AB}.Release|Any CPU.ActiveCfg = Release|Any CPU
		{E8277023-2F04-4B68-9FA5-1810348B74AB}.Release|Any CPU.Build.0 = Release|Any CPU
		{A76B5891-7EDB-4B8F-89B6-03A8924393A1}.Debug|Any CPU.ActiveCfg = Debug|Any CPU
		{A76B5891-7EDB-4B8F-89B6-03A8924393A1}.Debug|Any CPU.Build.0 = Debug|Any CPU
		{A76B5891-7EDB-4B8F-89B6-03A8924393A1}.Release|Any CPU.ActiveCfg = Release|Any CPU
		{A76B5891-7EDB-4B8F-89B6-03A8924393A1}.Release|Any CPU.Build.0 = Release|Any CPU
		{AB7F3756-7D7C-4A50-B90D-76C676C1A9D0}.Debug|Any CPU.ActiveCfg = Debug|Any CPU
		{AB7F3756-7D7C-4A50-B90D-76C676C1A9D0}.Debug|Any CPU.Build.0 = Debug|Any CPU
		{AB7F3756-7D7C-4A50-B90D-76C676C1A9D0}.Release|Any CPU.ActiveCfg = Release|Any CPU
		{AB7F3756-7D7C-4A50-B90D-76C676C1A9D0}.Release|Any CPU.Build.0 = Release|Any CPU
		{17038175-2CAF-4D2E-8352-04DB4EF6128D}.Debug|Any CPU.ActiveCfg = Debug|Any CPU
		{17038175-2CAF-4D2E-8352-04DB4EF6128D}.Debug|Any CPU.Build.0 = Debug|Any CPU
		{17038175-2CAF-4D2E-8352-04DB4EF6128D}.Release|Any CPU.ActiveCfg = Release|Any CPU
		{17038175-2CAF-4D2E-8352-04DB4EF6128D}.Release|Any CPU.Build.0 = Release|Any CPU
	EndGlobalSection
	GlobalSection(SolutionProperties) = preSolution
		HideSolutionNode = FALSE
	EndGlobalSection
	GlobalSection(NestedProjects) = preSolution
		{AE3F60FE-F877-43C3-BE01-CC70F0EDD8D5} = {E920264B-5513-4374-90B8-56924F1BE390}
		{080529DD-48D5-4DA7-BD07-38521AF97288} = {D3F49169-B5EF-43DD-BF4B-46AD06E40B9D}
		{43D17737-5DA2-412B-9FF1-34BCBA58587B} = {D3F49169-B5EF-43DD-BF4B-46AD06E40B9D}
		{163B402E-B743-422B-8476-0D73089E7C94} = {D3F49169-B5EF-43DD-BF4B-46AD06E40B9D}
		{1BDC2D81-58B5-4107-B795-715B5C1BDB19} = {E920264B-5513-4374-90B8-56924F1BE390}
		{DC34D65F-FCDF-4566-94A2-454526364046} = {DA44EAA7-39CB-401D-A32F-11C7C27F9FDF}
		{6E7FA01F-8644-48A9-AAB3-0E1A049CCD9A} = {DA44EAA7-39CB-401D-A32F-11C7C27F9FDF}
		{7C14F43E-1596-4944-A03E-9884CAE0FBD6} = {DA44EAA7-39CB-401D-A32F-11C7C27F9FDF}
		{E8277023-2F04-4B68-9FA5-1810348B74AB} = {CEAF0445-71B9-4786-8062-B231DA32B396}
		{A76B5891-7EDB-4B8F-89B6-03A8924393A1} = {E920264B-5513-4374-90B8-56924F1BE390}
		{AB7F3756-7D7C-4A50-B90D-76C676C1A9D0} = {E920264B-5513-4374-90B8-56924F1BE390}
		{17038175-2CAF-4D2E-8352-04DB4EF6128D} = {006D8078-843A-455D-9801-96709A838D2D}
	EndGlobalSection
EndGlobal
